
Microsoft Visual Studio Solution File, Format Version 12.00
# Visual Studio Version 17
VisualStudioVersion = 17.1.32414.318
MinimumVisualStudioVersion = 10.0.40219.1
Project("{FAE04EC0-301F-11D3-BF4B-00C04F79EFBC}") = "SumSquareDifference", "SumSquareDifference.csproj", "{AE7929B3-3FED-4584-A70B-493765D4A12E}"
EndProject
Global
	GlobalSection(SolutionConfigurationPlatforms) = preSolution
		Debug|Any CPU = Debug|Any CPU
		Release|Any CPU = Release|Any CPU
	EndGlobalSection
	GlobalSection(ProjectConfigurationPlatforms) = postSolution
		{AE7929B3-3FED-4584-A70B-493765D4A12E}.Debug|Any CPU.ActiveCfg = Debug|Any CPU
		{AE7929B3-3FED-4584-A70B-493765D4A12E}.Debug|Any CPU.Build.0 = Debug|Any CPU
		{AE7929B3-3FED-4584-A70B-493765D4A12E}.Release|Any CPU.ActiveCfg = Release|Any CPU
		{AE7929B3-3FED-4584-A70B-493765D4A12E}.Release|Any CPU.Build.0 = Release|Any CPU
	EndGlobalSection
	GlobalSection(SolutionProperties) = preSolution
		HideSolutionNode = FALSE
	EndGlobalSection
	GlobalSection(ExtensibilityGlobals) = postSolution
		SolutionGuid = {F23C77FD-3E14-4D19-A766-E3D65F51DBB2}
	EndGlobalSection
EndGlobal
