
Microsoft Visual Studio Solution File, Format Version 12.00
# Visual Studio Version 17
VisualStudioVersion = 17.1.32414.318
MinimumVisualStudioVersion = 10.0.40219.1
Project("{FAE04EC0-301F-11D3-BF4B-00C04F79EFBC}") = "MultiplesOf3or5", "MultiplesOf3or5.csproj", "{382AD753-32AC-476C-B76E-B5CB546CB6B7}"
EndProject
Global
	GlobalSection(SolutionConfigurationPlatforms) = preSolution
		Debug|Any CPU = Debug|Any CPU
		Release|Any CPU = Release|Any CPU
	EndGlobalSection
	GlobalSection(ProjectConfigurationPlatforms) = postSolution
		{382AD753-32AC-476C-B76E-B5CB546CB6B7}.Debug|Any CPU.ActiveCfg = Debug|Any CPU
		{382AD753-32AC-476C-B76E-B5CB546CB6B7}.Debug|Any CPU.Build.0 = Debug|Any CPU
		{382AD753-32AC-476C-B76E-B5CB546CB6B7}.Release|Any CPU.ActiveCfg = Release|Any CPU
		{382AD753-32AC-476C-B76E-B5CB546CB6B7}.Release|Any CPU.Build.0 = Release|Any CPU
	EndGlobalSection
	GlobalSection(SolutionProperties) = preSolution
		HideSolutionNode = FALSE
	EndGlobalSection
	GlobalSection(ExtensibilityGlobals) = postSolution
		SolutionGuid = {4BF05A2B-B6C4-44D1-87E7-02A7CBBD24F4}
	EndGlobalSection
EndGlobal
