
Microsoft Visual Studio Solution File, Format Version 12.00
# Visual Studio Version 17
VisualStudioVersion = 17.1.32414.318
MinimumVisualStudioVersion = 10.0.40219.1
Project("{FAE04EC0-301F-11D3-BF4B-00C04F79EFBC}") = "SmallestMultiple", "SmallestMultiple.csproj", "{694E2563-EFE1-4E56-AE6F-E98461ED138A}"
EndProject
Global
	GlobalSection(SolutionConfigurationPlatforms) = preSolution
		Debug|Any CPU = Debug|Any CPU
		Release|Any CPU = Release|Any CPU
	EndGlobalSection
	GlobalSection(ProjectConfigurationPlatforms) = postSolution
		{694E2563-EFE1-4E56-AE6F-E98461ED138A}.Debug|Any CPU.ActiveCfg = Debug|Any CPU
		{694E2563-EFE1-4E56-AE6F-E98461ED138A}.Debug|Any CPU.Build.0 = Debug|Any CPU
		{694E2563-EFE1-4E56-AE6F-E98461ED138A}.Release|Any CPU.ActiveCfg = Release|Any CPU
		{694E2563-EFE1-4E56-AE6F-E98461ED138A}.Release|Any CPU.Build.0 = Release|Any CPU
	EndGlobalSection
	GlobalSection(SolutionProperties) = preSolution
		HideSolutionNode = FALSE
	EndGlobalSection
	GlobalSection(ExtensibilityGlobals) = postSolution
		SolutionGuid = {159D4849-989C-4177-9E46-94B2D7E8214A}
	EndGlobalSection
EndGlobal
